
Microsoft Visual Studio Solution File, Format Version 12.00
# Visual Studio Version 17
VisualStudioVersion = 17.5.33530.505
MinimumVisualStudioVersion = 10.0.40219.1
Project("{FAE04EC0-301F-11D3-BF4B-00C04F79EFBC}") = "FullStack.API", "FullStack.API\FullStack.API.csproj", "{7115F5DF-039E-4409-B809-AA60A3A7EAA2}"
EndProject
Global
	GlobalSection(SolutionConfigurationPlatforms) = preSolution
		Debug|Any CPU = Debug|Any CPU
		Release|Any CPU = Release|Any CPU
	EndGlobalSection
	GlobalSection(ProjectConfigurationPlatforms) = postSolution
		{7115F5DF-039E-4409-B809-AA60A3A7EAA2}.Debug|Any CPU.ActiveCfg = Debug|Any CPU
		{7115F5DF-039E-4409-B809-AA60A3A7EAA2}.Debug|Any CPU.Build.0 = Debug|Any CPU
		{7115F5DF-039E-4409-B809-AA60A3A7EAA2}.Release|Any CPU.ActiveCfg = Release|Any CPU
		{7115F5DF-039E-4409-B809-AA60A3A7EAA2}.Release|Any CPU.Build.0 = Release|Any CPU
	EndGlobalSection
	GlobalSection(SolutionProperties) = preSolution
		HideSolutionNode = FALSE
	EndGlobalSection
	GlobalSection(ExtensibilityGlobals) = postSolution
		SolutionGuid = {C17C7E8F-3583-4764-B18D-23785776B73A}
	EndGlobalSection
EndGlobal
